
Microsoft Visual Studio Solution File, Format Version 12.00
# Visual Studio Version 16
VisualStudioVersion = 16.0.30611.23
MinimumVisualStudioVersion = 10.0.40219.1
Project("{FAE04EC0-301F-11D3-BF4B-00C04F79EFBC}") = "Randomizer", "test1\Randomizer.csproj", "{EF2D812C-0BD6-42C4-A872-DEB64E154221}"
EndProject
Global
	GlobalSection(SolutionConfigurationPlatforms) = preSolution
		Debug|Any CPU = Debug|Any CPU
		Release|Any CPU = Release|Any CPU
	EndGlobalSection
	GlobalSection(ProjectConfigurationPlatforms) = postSolution
		{EF2D812C-0BD6-42C4-A872-DEB64E154221}.Debug|Any CPU.ActiveCfg = Debug|Any CPU
		{EF2D812C-0BD6-42C4-A872-DEB64E154221}.Debug|Any CPU.Build.0 = Debug|Any CPU
		{EF2D812C-0BD6-42C4-A872-DEB64E154221}.Release|Any CPU.ActiveCfg = Release|Any CPU
		{EF2D812C-0BD6-42C4-A872-DEB64E154221}.Release|Any CPU.Build.0 = Release|Any CPU
	EndGlobalSection
	GlobalSection(SolutionProperties) = preSolution
		HideSolutionNode = FALSE
	EndGlobalSection
	GlobalSection(ExtensibilityGlobals) = postSolution
		SolutionGuid = {6E0174CA-CA6A-442B-BCBE-C229357912A7}
	EndGlobalSection
EndGlobal
